
Microsoft Visual Studio Solution File, Format Version 12.00
# Visual Studio Version 16
VisualStudioVersion = 16.0.30114.105
MinimumVisualStudioVersion = 10.0.40219.1
Project("{FAE04EC0-301F-11D3-BF4B-00C04F79EFBC}") = "StringCalculator", "StringCalculator\StringCalculator.csproj", "{83A847C2-0657-4C66-9F8F-8FFD5AC58E6F}"
EndProject
Project("{FAE04EC0-301F-11D3-BF4B-00C04F79EFBC}") = "StringCalculator.Tests", "StringCalculator.Tests\StringCalculator.Tests.csproj", "{DFAD8814-097D-4476-A22D-4A6EC9D66975}"
EndProject
Global
	GlobalSection(SolutionConfigurationPlatforms) = preSolution
		Debug|Any CPU = Debug|Any CPU
		Release|Any CPU = Release|Any CPU
	EndGlobalSection
	GlobalSection(SolutionProperties) = preSolution
		HideSolutionNode = FALSE
	EndGlobalSection
	GlobalSection(ProjectConfigurationPlatforms) = postSolution
		{83A847C2-0657-4C66-9F8F-8FFD5AC58E6F}.Debug|Any CPU.ActiveCfg = Debug|Any CPU
		{83A847C2-0657-4C66-9F8F-8FFD5AC58E6F}.Debug|Any CPU.Build.0 = Debug|Any CPU
		{83A847C2-0657-4C66-9F8F-8FFD5AC58E6F}.Release|Any CPU.ActiveCfg = Release|Any CPU
		{83A847C2-0657-4C66-9F8F-8FFD5AC58E6F}.Release|Any CPU.Build.0 = Release|Any CPU
		{DFAD8814-097D-4476-A22D-4A6EC9D66975}.Debug|Any CPU.ActiveCfg = Debug|Any CPU
		{DFAD8814-097D-4476-A22D-4A6EC9D66975}.Debug|Any CPU.Build.0 = Debug|Any CPU
		{DFAD8814-097D-4476-A22D-4A6EC9D66975}.Release|Any CPU.ActiveCfg = Release|Any CPU
		{DFAD8814-097D-4476-A22D-4A6EC9D66975}.Release|Any CPU.Build.0 = Release|Any CPU
	EndGlobalSection
EndGlobal
